{
  "nodes": {
    "flakeNimbleLib": {
      "inputs": {
        "nixpkgs": [
          "nixpkgs"
        ]
      },
      "locked": {
        "lastModified": 1647920574,
        "narHash": "sha256-D3ob5QykELhyNcTnISOkjEzLlgXltwON8Ucrz5cpiQI=",
        "owner": "riinr",
        "repo": "nim-flakes-lib",
        "rev": "bfb46a1f762002f07f9d81d93dacd544c6890623",
        "type": "github"
      },
      "original": {
        "owner": "riinr",
        "ref": "master",
        "repo": "nim-flakes-lib",
        "type": "github"
      }
    },
    "memlib": {
      "inputs": {
        "flakeNimbleLib": [
          "wnim",
          "wnim-master",
          "flakeNimbleLib"
        ],
        "memlib-master": "memlib-master",
        "nixpkgs": [
          "wnim",
          "wnim-master",
          "nixpkgs"
        ]
      },
      "locked": {
        "lastModified": 1648004819,
        "narHash": "sha256-W0Zwzhrl1PxPIGbhe3BgA6F39MFJAmYBFtTGCGOZyak=",
        "owner": "nim-nix-pkgs",
        "repo": "memlib",
        "rev": "dde47419b77acaa6d54ffff70ba66c8ae56338ec",
        "type": "github"
      },
      "original": {
        "owner": "nim-nix-pkgs",
        "ref": "master",
        "repo": "memlib",
        "type": "github"
      }
    },
    "memlib-master": {
      "inputs": {
        "flakeNimbleLib": [
          "wnim",
          "wnim-master",
          "memlib",
          "flakeNimbleLib"
        ],
        "minhook": "minhook",
        "nixpkgs": [
          "wnim",
          "wnim-master",
          "memlib",
          "nixpkgs"
        ],
        "src-memlib-master": "src-memlib-master",
        "winim": "winim"
      },
      "locked": {
        "dir": "master",
        "lastModified": 1648004819,
        "narHash": "sha256-W0Zwzhrl1PxPIGbhe3BgA6F39MFJAmYBFtTGCGOZyak=",
        "owner": "nim-nix-pkgs",
        "repo": "memlib",
        "rev": "dde47419b77acaa6d54ffff70ba66c8ae56338ec",
        "type": "github"
      },
      "original": {
        "dir": "master",
        "owner": "nim-nix-pkgs",
        "ref": "master",
        "repo": "memlib",
        "type": "github"
      }
    },
    "minhook": {
      "inputs": {
        "flakeNimbleLib": [
          "wnim",
          "wnim-master",
          "memlib",
          "memlib-master",
          "flakeNimbleLib"
        ],
        "minhook-main": "minhook-main",
        "nixpkgs": [
          "wnim",
          "wnim-master",
          "memlib",
          "memlib-master",
          "nixpkgs"
        ]
      },
      "locked": {
        "lastModified": 1647934289,
        "narHash": "sha256-md4ro4dhRuewG1491y1abx+ag9ea1SGFwU2lvjK+XPY=",
        "owner": "nim-nix-pkgs",
        "repo": "minhook",
        "rev": "da6e526ab25d82a1410f062934e3247f5c1a6622",
        "type": "github"
      },
      "original": {
        "owner": "nim-nix-pkgs",
        "ref": "master",
        "repo": "minhook",
        "type": "github"
      }
    },
    "minhook-main": {
      "inputs": {
        "flakeNimbleLib": [
          "wnim",
          "wnim-master",
          "memlib",
          "memlib-master",
          "minhook",
          "flakeNimbleLib"
        ],
        "nixpkgs": [
          "wnim",
          "wnim-master",
          "memlib",
          "memlib-master",
          "minhook",
          "nixpkgs"
        ],
        "src-minhook-main": "src-minhook-main"
      },
      "locked": {
        "dir": "main",
        "lastModified": 1647934289,
        "narHash": "sha256-md4ro4dhRuewG1491y1abx+ag9ea1SGFwU2lvjK+XPY=",
        "owner": "nim-nix-pkgs",
        "repo": "minhook",
        "rev": "da6e526ab25d82a1410f062934e3247f5c1a6622",
        "type": "github"
      },
      "original": {
        "dir": "main",
        "owner": "nim-nix-pkgs",
        "ref": "master",
        "repo": "minhook",
        "type": "github"
      }
    },
    "nixpkgs": {
      "locked": {
        "narHash": "sha256-sK1Ow//80EKE3bAF5d+2gB8vPXw6m5TBk3wSLHvdVe0=",
        "path": "/nix/store/0yqgkbpmsk7ck4s34wk505sfdd9vils4-source",
        "type": "path"
      },
      "original": {
        "id": "nixpkgs",
        "type": "indirect"
      }
    },
    "npeg": {
      "inputs": {
        "flakeNimbleLib": [
          "wnim",
          "wnim-master",
          "flakeNimbleLib"
        ],
        "nixpkgs": [
          "wnim",
          "wnim-master",
          "nixpkgs"
        ],
        "src-npeg-0_26_0": "src-npeg-0_26_0"
      },
      "locked": {
        "dir": "0_26_0",
        "lastModified": 1647934382,
        "narHash": "sha256-xk/ZA2zGVRa+low5YFZdgHIGrGVIYWAQx1XMpg/ku9E=",
        "owner": "nim-nix-pkgs",
        "repo": "npeg",
        "rev": "1f1ef7c40be797b3f2a69318137e9d35d70e5b74",
        "type": "github"
      },
      "original": {
        "dir": "0_26_0",
        "owner": "nim-nix-pkgs",
        "ref": "master",
        "repo": "npeg",
        "type": "github"
      }
    },
    "root": {
      "inputs": {
        "flakeNimbleLib": "flakeNimbleLib",
        "nixpkgs": "nixpkgs",
        "src-wZeeGrid-master": "src-wZeeGrid-master",
        "wnim": "wnim"
      }
    },
    "src-memlib-master": {
      "flake": false,
      "locked": {
        "lastModified": 1638821902,
        "narHash": "sha256-CFmML1DsJJovjKmHW548vpW4dc4Uvmysz2/PsZa0pQg=",
        "owner": "khchen",
        "repo": "memlib",
        "rev": "42986fbf2db066710145af31347f9ff88576f57b",
        "type": "github"
      },
      "original": {
        "owner": "khchen",
        "ref": "refs/heads/master",
        "repo": "memlib",
        "type": "github"
      }
    },
    "src-minhook-main": {
      "flake": false,
      "locked": {
        "lastModified": 1605323633,
        "narHash": "sha256-73VJjZvzI9qfFnuxUwVJln/NZHQjHxy4+CKDmV8pEkE=",
        "owner": "khchen",
        "repo": "minhook",
        "rev": "7c0cfdac09e6b02114741318fe3e3284fc1ac334",
        "type": "github"
      },
      "original": {
        "owner": "khchen",
        "ref": "refs/heads/main",
        "repo": "minhook",
        "type": "github"
      }
    },
    "src-npeg-0_26_0": {
      "flake": false,
      "locked": {
        "lastModified": 1638043012,
        "narHash": "sha256-TONFgg0upLJuhsP9y+z+kYZp+m8/h36NK/VOK2h0Aw0=",
        "owner": "zevv",
        "repo": "npeg",
        "rev": "afbd4e09055a9c01ea4b860a7a622748bc382e8f",
        "type": "github"
      },
      "original": {
        "owner": "zevv",
        "ref": "refs/tags/0.26.0",
        "repo": "npeg",
        "type": "github"
      }
    },
    "src-wZeeGrid-master": {
      "flake": false,
      "locked": {
        "lastModified": 1609432801,
        "narHash": "sha256-6LTXwAl3Z2YPoTnLDfS3q00wIfPrnxGTS9p+2e43oqw=",
        "owner": "bunkford",
        "repo": "wZeeGrid",
        "rev": "b731756774043a7bf48b6fb89849b7877760f9e6",
        "type": "github"
      },
      "original": {
        "owner": "bunkford",
        "ref": "refs/heads/master",
        "repo": "wZeeGrid",
        "type": "github"
      }
    },
    "src-winim-3_8_0": {
      "flake": false,
      "locked": {
        "lastModified": 1640222486,
        "narHash": "sha256-lXlcMwGdN2BoDgHuc+PwWtDYZHkU5rtFkCIVtfIA1W0=",
        "owner": "khchen",
        "repo": "winim",
        "rev": "f658fc523a7c8960b2f808d774b0f77cecec86db",
        "type": "github"
      },
      "original": {
        "owner": "khchen",
        "ref": "refs/tags/3.8.0",
        "repo": "winim",
        "type": "github"
      }
    },
    "src-winim-3_8_0_2": {
      "flake": false,
      "locked": {
        "lastModified": 1640222486,
        "narHash": "sha256-lXlcMwGdN2BoDgHuc+PwWtDYZHkU5rtFkCIVtfIA1W0=",
        "owner": "khchen",
        "repo": "winim",
        "rev": "f658fc523a7c8960b2f808d774b0f77cecec86db",
        "type": "github"
      },
      "original": {
        "owner": "khchen",
        "ref": "refs/tags/3.8.0",
        "repo": "winim",
        "type": "github"
      }
    },
    "src-wnim-master": {
      "flake": false,
      "locked": {
        "lastModified": 1628253367,
        "narHash": "sha256-BXUf0rH5tsXjpQ6osaqSifv6rxWcx9SyYiWWWCnGa8E=",
        "owner": "khchen",
        "repo": "wNim",
        "rev": "cda4442a3305e9f23d1b87494f3b2c0da62fc18b",
        "type": "github"
      },
      "original": {
        "owner": "khchen",
        "ref": "refs/heads/master",
        "repo": "wNim",
        "type": "github"
      }
    },
    "winim": {
      "inputs": {
        "flakeNimbleLib": [
          "wnim",
          "wnim-master",
          "memlib",
          "memlib-master",
          "flakeNimbleLib"
        ],
        "nixpkgs": [
          "wnim",
          "wnim-master",
          "memlib",
          "memlib-master",
          "nixpkgs"
        ],
        "src-winim-3_8_0": "src-winim-3_8_0"
      },
      "locked": {
        "dir": "3_8_0",
        "lastModified": 1647935067,
        "narHash": "sha256-UHeO/zlHh1lZS+6TJ37TynRl/w0jJWgF9mKfN0oPBCk=",
        "owner": "nim-nix-pkgs",
        "repo": "winim",
        "rev": "6b6d9152874ba248eb403295769afc9a64541c60",
        "type": "github"
      },
      "original": {
        "dir": "3_8_0",
        "owner": "nim-nix-pkgs",
        "ref": "master",
        "repo": "winim",
        "type": "github"
      }
    },
    "winim_2": {
      "inputs": {
        "flakeNimbleLib": [
          "wnim",
          "wnim-master",
          "flakeNimbleLib"
        ],
        "nixpkgs": [
          "wnim",
          "wnim-master",
          "nixpkgs"
        ],
        "src-winim-3_8_0": "src-winim-3_8_0_2"
      },
      "locked": {
        "dir": "3_8_0",
        "lastModified": 1647935067,
        "narHash": "sha256-UHeO/zlHh1lZS+6TJ37TynRl/w0jJWgF9mKfN0oPBCk=",
        "owner": "nim-nix-pkgs",
        "repo": "winim",
        "rev": "6b6d9152874ba248eb403295769afc9a64541c60",
        "type": "github"
      },
      "original": {
        "dir": "3_8_0",
        "owner": "nim-nix-pkgs",
        "ref": "master",
        "repo": "winim",
        "type": "github"
      }
    },
    "wnim": {
      "inputs": {
        "flakeNimbleLib": [
          "flakeNimbleLib"
        ],
        "nixpkgs": [
          "nixpkgs"
        ],
        "wnim-master": "wnim-master"
      },
      "locked": {
        "lastModified": 1648015293,
        "narHash": "sha256-BxEGAQX6OfuDBtOuFLsHcA4+Bk6Ds1nTYR5GIBl/0f4=",
        "owner": "nim-nix-pkgs",
        "repo": "wnim",
        "rev": "15db6bd9b8427e67acfa0332242497edce9227d6",
        "type": "github"
      },
      "original": {
        "owner": "nim-nix-pkgs",
        "ref": "master",
        "repo": "wnim",
        "type": "github"
      }
    },
    "wnim-master": {
      "inputs": {
        "flakeNimbleLib": [
          "wnim",
          "flakeNimbleLib"
        ],
        "memlib": "memlib",
        "nixpkgs": [
          "wnim",
          "nixpkgs"
        ],
        "npeg": "npeg",
        "src-wnim-master": "src-wnim-master",
        "winim": "winim_2"
      },
      "locked": {
        "dir": "master",
        "lastModified": 1648015293,
        "narHash": "sha256-BxEGAQX6OfuDBtOuFLsHcA4+Bk6Ds1nTYR5GIBl/0f4=",
        "owner": "nim-nix-pkgs",
        "repo": "wnim",
        "rev": "15db6bd9b8427e67acfa0332242497edce9227d6",
        "type": "github"
      },
      "original": {
        "dir": "master",
        "owner": "nim-nix-pkgs",
        "ref": "master",
        "repo": "wnim",
        "type": "github"
      }
    }
  },
  "root": "root",
  "version": 7
}
